
Microsoft Visual Studio Solution File, Format Version 11.00
# Visual Studio 2010
Project("{FAE04EC0-301F-11D3-BF4B-00C04F79EFBC}") = "Test", "Test\Test.csproj", "{2EBEC561-A2A8-4A8A-B669-63322F0726BE}"
EndProject
Project("{FAE04EC0-301F-11D3-BF4B-00C04F79EFBC}") = "BLL", "BLL\BLL.csproj", "{6017273D-CDFF-48A4-9955-D6019F29FC26}"
EndProject
Project("{FAE04EC0-301F-11D3-BF4B-00C04F79EFBC}") = "DAL", "DAL\DAL.csproj", "{945406CE-871F-49F6-AFDA-8CE54BBFA9D2}"
EndProject
Project("{FAE04EC0-301F-11D3-BF4B-00C04F79EFBC}") = "ControlLibrary", "ControlLibrary\ControlLibrary.csproj", "{A5F48344-9670-495C-B40C-3D7FBEECFDCC}"
EndProject
Global
	GlobalSection(SolutionConfigurationPlatforms) = preSolution
		Debug|Any CPU = Debug|Any CPU
		Release|Any CPU = Release|Any CPU
	EndGlobalSection
	GlobalSection(ProjectConfigurationPlatforms) = postSolution
		{2EBEC561-A2A8-4A8A-B669-63322F0726BE}.Debug|Any CPU.ActiveCfg = Debug|Any CPU
		{2EBEC561-A2A8-4A8A-B669-63322F0726BE}.Debug|Any CPU.Build.0 = Debug|Any CPU
		{2EBEC561-A2A8-4A8A-B669-63322F0726BE}.Release|Any CPU.ActiveCfg = Release|Any CPU
		{2EBEC561-A2A8-4A8A-B669-63322F0726BE}.Release|Any CPU.Build.0 = Release|Any CPU
		{6017273D-CDFF-48A4-9955-D6019F29FC26}.Debug|Any CPU.ActiveCfg = Debug|Any CPU
		{6017273D-CDFF-48A4-9955-D6019F29FC26}.Debug|Any CPU.Build.0 = Debug|Any CPU
		{6017273D-CDFF-48A4-9955-D6019F29FC26}.Release|Any CPU.ActiveCfg = Release|Any CPU
		{6017273D-CDFF-48A4-9955-D6019F29FC26}.Release|Any CPU.Build.0 = Release|Any CPU
		{945406CE-871F-49F6-AFDA-8CE54BBFA9D2}.Debug|Any CPU.ActiveCfg = Debug|Any CPU
		{945406CE-871F-49F6-AFDA-8CE54BBFA9D2}.Debug|Any CPU.Build.0 = Debug|Any CPU
		{945406CE-871F-49F6-AFDA-8CE54BBFA9D2}.Release|Any CPU.ActiveCfg = Release|Any CPU
		{945406CE-871F-49F6-AFDA-8CE54BBFA9D2}.Release|Any CPU.Build.0 = Release|Any CPU
		{A5F48344-9670-495C-B40C-3D7FBEECFDCC}.Debug|Any CPU.ActiveCfg = Debug|Any CPU
		{A5F48344-9670-495C-B40C-3D7FBEECFDCC}.Debug|Any CPU.Build.0 = Debug|Any CPU
		{A5F48344-9670-495C-B40C-3D7FBEECFDCC}.Release|Any CPU.ActiveCfg = Release|Any CPU
		{A5F48344-9670-495C-B40C-3D7FBEECFDCC}.Release|Any CPU.Build.0 = Release|Any CPU
	EndGlobalSection
	GlobalSection(SolutionProperties) = preSolution
		HideSolutionNode = FALSE
	EndGlobalSection
EndGlobal
